
Microsoft Visual Studio Solution File, Format Version 12.00
# Visual Studio 14
VisualStudioVersion = 14.0.24720.0
MinimumVisualStudioVersion = 10.0.40219.1
Project("{888888A0-9F3D-457C-B088-3A5042F75D52}") = "Apache Access Log Interpreter", "Apache Access Log Interpreter\Apache Access Log Interpreter.pyproj", "{1ABED49A-0CF0-44DE-A310-DF5AB4FD7955}"
EndProject
Global
	GlobalSection(SolutionConfigurationPlatforms) = preSolution
		Debug|Any CPU = Debug|Any CPU
		Release|Any CPU = Release|Any CPU
	EndGlobalSection
	GlobalSection(ProjectConfigurationPlatforms) = postSolution
		{1ABED49A-0CF0-44DE-A310-DF5AB4FD7955}.Debug|Any CPU.ActiveCfg = Debug|Any CPU
		{1ABED49A-0CF0-44DE-A310-DF5AB4FD7955}.Release|Any CPU.ActiveCfg = Release|Any CPU
	EndGlobalSection
	GlobalSection(SolutionProperties) = preSolution
		HideSolutionNode = FALSE
	EndGlobalSection
EndGlobal
